
Microsoft Visual Studio Solution File, Format Version 12.00
# Visual Studio Version 16
VisualStudioVersion = 16.0.32126.315
MinimumVisualStudioVersion = 10.0.40219.1
Project("{9A19103F-16F7-4668-BE54-9A1E7A4F7556}") = "MultiLayerApp", "MultiLayerApp\MultiLayerApp.csproj", "{2144EE2B-53B6-4A1B-98C7-A74AEA86524D}"
EndProject
Project("{2150E333-8FDC-42A3-9474-1A3956D46DE8}") = "DAL", "DAL", "{382413B8-395C-46BF-A22E-A4624AC65109}"
EndProject
Project("{9A19103F-16F7-4668-BE54-9A1E7A4F7556}") = "MultiLayerApp.DAL.Core", "MultiLayerApp.DAL.Core\MultiLayerApp.DAL.Core.csproj", "{FA344C37-DE47-4954-8F24-8169E0FD554A}"
EndProject
Project("{9A19103F-16F7-4668-BE54-9A1E7A4F7556}") = "MultiLayerApp.DAL.DataAccess", "MultiLayerApp.DAL.DataAccess\MultiLayerApp.DAL.DataAccess.csproj", "{2A183259-6687-40C8-ACF9-BFEDDD8D575C}"
EndProject
Project("{9A19103F-16F7-4668-BE54-9A1E7A4F7556}") = "MultiLayerApp.Angular", "MultiLayerApp.Angular\MultiLayerApp.Angular.csproj", "{EE311585-A0E2-4A5F-9376-67AA58701904}"
EndProject
Project("{2150E333-8FDC-42A3-9474-1A3956D46DE8}") = "BLL", "BLL", "{38904D38-4991-4550-B146-F297A56B8298}"
EndProject
Project("{FAE04EC0-301F-11D3-BF4B-00C04F79EFBC}") = "MultiLayerApp.BLL", "MultiLayerApp.BLL\MultiLayerApp.BLL.csproj", "{121EAA24-9B8D-4945-95A1-AB38C744A830}"
EndProject
Global
	GlobalSection(SolutionConfigurationPlatforms) = preSolution
		Debug|Any CPU = Debug|Any CPU
		Release|Any CPU = Release|Any CPU
	EndGlobalSection
	GlobalSection(ProjectConfigurationPlatforms) = postSolution
		{2144EE2B-53B6-4A1B-98C7-A74AEA86524D}.Debug|Any CPU.ActiveCfg = Debug|Any CPU
		{2144EE2B-53B6-4A1B-98C7-A74AEA86524D}.Debug|Any CPU.Build.0 = Debug|Any CPU
		{2144EE2B-53B6-4A1B-98C7-A74AEA86524D}.Release|Any CPU.ActiveCfg = Release|Any CPU
		{2144EE2B-53B6-4A1B-98C7-A74AEA86524D}.Release|Any CPU.Build.0 = Release|Any CPU
		{FA344C37-DE47-4954-8F24-8169E0FD554A}.Debug|Any CPU.ActiveCfg = Debug|Any CPU
		{FA344C37-DE47-4954-8F24-8169E0FD554A}.Debug|Any CPU.Build.0 = Debug|Any CPU
		{FA344C37-DE47-4954-8F24-8169E0FD554A}.Release|Any CPU.ActiveCfg = Release|Any CPU
		{FA344C37-DE47-4954-8F24-8169E0FD554A}.Release|Any CPU.Build.0 = Release|Any CPU
		{2A183259-6687-40C8-ACF9-BFEDDD8D575C}.Debug|Any CPU.ActiveCfg = Debug|Any CPU
		{2A183259-6687-40C8-ACF9-BFEDDD8D575C}.Debug|Any CPU.Build.0 = Debug|Any CPU
		{2A183259-6687-40C8-ACF9-BFEDDD8D575C}.Release|Any CPU.ActiveCfg = Release|Any CPU
		{2A183259-6687-40C8-ACF9-BFEDDD8D575C}.Release|Any CPU.Build.0 = Release|Any CPU
		{EE311585-A0E2-4A5F-9376-67AA58701904}.Debug|Any CPU.ActiveCfg = Debug|Any CPU
		{EE311585-A0E2-4A5F-9376-67AA58701904}.Debug|Any CPU.Build.0 = Debug|Any CPU
		{EE311585-A0E2-4A5F-9376-67AA58701904}.Release|Any CPU.ActiveCfg = Release|Any CPU
		{EE311585-A0E2-4A5F-9376-67AA58701904}.Release|Any CPU.Build.0 = Release|Any CPU
		{121EAA24-9B8D-4945-95A1-AB38C744A830}.Debug|Any CPU.ActiveCfg = Debug|Any CPU
		{121EAA24-9B8D-4945-95A1-AB38C744A830}.Debug|Any CPU.Build.0 = Debug|Any CPU
		{121EAA24-9B8D-4945-95A1-AB38C744A830}.Release|Any CPU.ActiveCfg = Release|Any CPU
		{121EAA24-9B8D-4945-95A1-AB38C744A830}.Release|Any CPU.Build.0 = Release|Any CPU
	EndGlobalSection
	GlobalSection(SolutionProperties) = preSolution
		HideSolutionNode = FALSE
	EndGlobalSection
	GlobalSection(NestedProjects) = preSolution
		{FA344C37-DE47-4954-8F24-8169E0FD554A} = {382413B8-395C-46BF-A22E-A4624AC65109}
		{2A183259-6687-40C8-ACF9-BFEDDD8D575C} = {382413B8-395C-46BF-A22E-A4624AC65109}
		{121EAA24-9B8D-4945-95A1-AB38C744A830} = {38904D38-4991-4550-B146-F297A56B8298}
	EndGlobalSection
	GlobalSection(ExtensibilityGlobals) = postSolution
		SolutionGuid = {E88E2AEE-D730-4D3D-9F38-CFFD357F562A}
	EndGlobalSection
EndGlobal
